
Microsoft Visual Studio Solution File, Format Version 12.00
# Visual Studio 15
VisualStudioVersion = 15.0.26430.12
MinimumVisualStudioVersion = 10.0.40219.1
Project("{FAE04EC0-301F-11D3-BF4B-00C04F79EFBC}") = "ConstellationSimulator", "ConstellationSimulator\ConstellationSimulator.csproj", "{A0076DEA-247E-412C-9D1E-3ED68F6E4652}"
EndProject
Project("{FAE04EC0-301F-11D3-BF4B-00C04F79EFBC}") = "SimulatorApp", "SimulatorApp\SimulatorApp.csproj", "{7CD823E0-BD54-4BF2-B3DC-B67172E5B29A}"
EndProject
Project("{FAE04EC0-301F-11D3-BF4B-00C04F79EFBC}") = "ConstellationSimulator.Test.Unit", "ConstellationSimulator.Test.Unit\ConstellationSimulator.Test.Unit.csproj", "{8F429A1A-A21E-47F6-B2C9-68AFE546305C}"
EndProject
Global
	GlobalSection(SolutionConfigurationPlatforms) = preSolution
		Debug|Any CPU = Debug|Any CPU
		Release|Any CPU = Release|Any CPU
	EndGlobalSection
	GlobalSection(ProjectConfigurationPlatforms) = postSolution
		{A0076DEA-247E-412C-9D1E-3ED68F6E4652}.Debug|Any CPU.ActiveCfg = Debug|Any CPU
		{A0076DEA-247E-412C-9D1E-3ED68F6E4652}.Debug|Any CPU.Build.0 = Debug|Any CPU
		{A0076DEA-247E-412C-9D1E-3ED68F6E4652}.Release|Any CPU.ActiveCfg = Release|Any CPU
		{A0076DEA-247E-412C-9D1E-3ED68F6E4652}.Release|Any CPU.Build.0 = Release|Any CPU
		{7CD823E0-BD54-4BF2-B3DC-B67172E5B29A}.Debug|Any CPU.ActiveCfg = Debug|Any CPU
		{7CD823E0-BD54-4BF2-B3DC-B67172E5B29A}.Debug|Any CPU.Build.0 = Debug|Any CPU
		{7CD823E0-BD54-4BF2-B3DC-B67172E5B29A}.Release|Any CPU.ActiveCfg = Release|Any CPU
		{7CD823E0-BD54-4BF2-B3DC-B67172E5B29A}.Release|Any CPU.Build.0 = Release|Any CPU
		{8F429A1A-A21E-47F6-B2C9-68AFE546305C}.Debug|Any CPU.ActiveCfg = Debug|Any CPU
		{8F429A1A-A21E-47F6-B2C9-68AFE546305C}.Debug|Any CPU.Build.0 = Debug|Any CPU
		{8F429A1A-A21E-47F6-B2C9-68AFE546305C}.Release|Any CPU.ActiveCfg = Release|Any CPU
		{8F429A1A-A21E-47F6-B2C9-68AFE546305C}.Release|Any CPU.Build.0 = Release|Any CPU
	EndGlobalSection
	GlobalSection(SolutionProperties) = preSolution
		HideSolutionNode = FALSE
	EndGlobalSection
	GlobalSection(ExtensibilityGlobals) = postSolution
		SolutionGuid = {CCE3C7F0-3A90-4B37-BCB8-BE3B67D31772}
	EndGlobalSection
EndGlobal
